
Microsoft Visual Studio Solution File, Format Version 12.00
# Visual Studio Version 16
VisualStudioVersion = 16.0.29806.167
MinimumVisualStudioVersion = 10.0.40219.1
Project("{FAE04EC0-301F-11D3-BF4B-00C04F79EFBC}") = "Wygrajmilion", "Wygrajmilion\Wygrajmilion.csproj", "{33817296-0B27-485F-8032-C94380DB5094}"
EndProject
Project("{FAE04EC0-301F-11D3-BF4B-00C04F79EFBC}") = "ConsoleApp4", "..\ConsoleApp4\ConsoleApp4\ConsoleApp4.csproj", "{6C0B8D32-D72B-4FBA-B5A4-6060EE8690FF}"
EndProject
Global
	GlobalSection(SolutionConfigurationPlatforms) = preSolution
		Debug|Any CPU = Debug|Any CPU
		Release|Any CPU = Release|Any CPU
	EndGlobalSection
	GlobalSection(ProjectConfigurationPlatforms) = postSolution
		{33817296-0B27-485F-8032-C94380DB5094}.Debug|Any CPU.ActiveCfg = Debug|Any CPU
		{33817296-0B27-485F-8032-C94380DB5094}.Debug|Any CPU.Build.0 = Debug|Any CPU
		{33817296-0B27-485F-8032-C94380DB5094}.Release|Any CPU.ActiveCfg = Release|Any CPU
		{33817296-0B27-485F-8032-C94380DB5094}.Release|Any CPU.Build.0 = Release|Any CPU
		{6C0B8D32-D72B-4FBA-B5A4-6060EE8690FF}.Debug|Any CPU.ActiveCfg = Debug|Any CPU
		{6C0B8D32-D72B-4FBA-B5A4-6060EE8690FF}.Debug|Any CPU.Build.0 = Debug|Any CPU
		{6C0B8D32-D72B-4FBA-B5A4-6060EE8690FF}.Release|Any CPU.ActiveCfg = Release|Any CPU
		{6C0B8D32-D72B-4FBA-B5A4-6060EE8690FF}.Release|Any CPU.Build.0 = Release|Any CPU
	EndGlobalSection
	GlobalSection(SolutionProperties) = preSolution
		HideSolutionNode = FALSE
	EndGlobalSection
	GlobalSection(ExtensibilityGlobals) = postSolution
		SolutionGuid = {498D1B24-6101-4FFC-BC7D-9A0DE7970083}
	EndGlobalSection
EndGlobal
